// !$*UTF8*$!
{
	archiveVersion = 1;
	classes = {
	};
	objectVersion = 77;
	objects = {

/* Begin PBXBuildFile section */
		1368FD4A2D596D82001FF07F /* README.md in Resources */ = {isa = PBXBuildFile; fileRef = 1368FD492D596D82001FF07F /* README.md */; };
/* End PBXBuildFile section */

/* Begin PBXContainerItemProxy section */
		1368FD2D2D596C72001FF07F /* PBXContainerItemProxy */ = {
			isa = PBXContainerItemProxy;
			containerPortal = 1368FD0F2D596C70001FF07F /* Project object */;
			proxyType = 1;
			remoteGlobalIDString = 1368FD162D596C70001FF07F;
			remoteInfo = place;
		};
		1368FD372D596C72001FF07F /* PBXContainerItemProxy */ = {
			isa = PBXContainerItemProxy;
			containerPortal = 1368FD0F2D596C70001FF07F /* Project object */;
			proxyType = 1;
			remoteGlobalIDString = 1368FD162D596C70001FF07F;
			remoteInfo = place;
		};
/* End PBXContainerItemProxy section */

/* Begin PBXFileReference section */
		1368FD172D596C70001FF07F /* place.app */ = {isa = PBXFileReference; explicitFileType = wrapper.application; includeInIndex = 0; path = place.app; sourceTree = BUILT_PRODUCTS_DIR; };
		1368FD2C2D596C72001FF07F /* placeTests.xctest */ = {isa = PBXFileReference; explicitFileType = wrapper.cfbundle; includeInIndex = 0; path = placeTests.xctest; sourceTree = BUILT_PRODUCTS_DIR; };
		1368FD362D596C72001FF07F /* placeUITests.xctest */ = {isa = PBXFileReference; explicitFileType = wrapper.cfbundle; includeInIndex = 0; path = placeUITests.xctest; sourceTree = BUILT_PRODUCTS_DIR; };
		1368FD492D596D82001FF07F /* README.md */ = {isa = PBXFileReference; lastKnownFileType = net.daringfireball.markdown; path = README.md; sourceTree = "<group>"; };
/* End PBXFileReference section */

/* Begin PBXFileSystemSynchronizedBuildFileExceptionSet section */
		1368FD4C2D59762B001FF07F /* Exceptions for "place" folder in "place" target */ = {
			isa = PBXFileSystemSynchronizedBuildFileExceptionSet;
			membershipExceptions = (
				Info.plist,
			);
			target = 1368FD162D596C70001FF07F /* place */;
		};
/* End PBXFileSystemSynchronizedBuildFileExceptionSet section */

/* Begin PBXFileSystemSynchronizedRootGroup section */
		1368FD192D596C70001FF07F /* place */ = {
			isa = PBXFileSystemSynchronizedRootGroup;
			exceptions = (
				1368FD4C2D59762B001FF07F /* Exceptions for "place" folder in "place" target */,
			);
			path = place;
			sourceTree = "<group>";
		};
		1368FD2F2D596C72001FF07F /* placeTests */ = {
			isa = PBXFileSystemSynchronizedRootGroup;
			path = placeTests;
			sourceTree = "<group>";
		};
		1368FD392D596C72001FF07F /* placeUITests */ = {
			isa = PBXFileSystemSynchronizedRootGroup;
			path = placeUITests;
			sourceTree = "<group>";
		};
/* End PBXFileSystemSynchronizedRootGroup section */

/* Begin PBXFrameworksBuildPhase section */
		1368FD142D596C70001FF07F /* Frameworks */ = {
			isa = PBXFrameworksBuildPhase;
			buildActionMask = 2147483647;
			files = (
			);
			runOnlyForDeploymentPostprocessing = 0;
		};
		1368FD292D596C72001FF07F /* Frameworks */ = {
			isa = PBXFrameworksBuildPhase;
			buildActionMask = 2147483647;
			files = (
			);
			runOnlyForDeploymentPostprocessing = 0;
		};
		1368FD332D596C72001FF07F /* Frameworks */ = {
			isa = PBXFrameworksBuildPhase;
			buildActionMask = 2147483647;
			files = (
			);
			runOnlyForDeploymentPostprocessing = 0;
		};
/* End PBXFrameworksBuildPhase section */

/* Begin PBXGroup section */
		1368FD0E2D596C70001FF07F = {
			isa = PBXGroup;
			children = (
				1368FD192D596C70001FF07F /* place */,
				1368FD2F2D596C72001FF07F /* placeTests */,
				1368FD392D596C72001FF07F /* placeUITests */,
				1368FD182D596C70001FF07F /* Products */,
				1368FD492D596D82001FF07F /* README.md */,
			);
			sourceTree = "<group>";
		};
		1368FD182D596C70001FF07F /* Products */ = {
			isa = PBXGroup;
			children = (
				1368FD172D596C70001FF07F /* place.app */,
				1368FD2C2D596C72001FF07F /* placeTests.xctest */,
				1368FD362D596C72001FF07F /* placeUITests.xctest */,
			);
			name = Products;
			sourceTree = "<group>";
		};
/* End PBXGroup section */

/* Begin PBXNativeTarget section */
		1368FD162D596C70001FF07F /* place */ = {
			isa = PBXNativeTarget;
			buildConfigurationList = 1368FD402D596C72001FF07F /* Build configuration list for PBXNativeTarget "place" */;
			buildPhases = (
				1368FD132D596C70001FF07F /* Sources */,
				1368FD142D596C70001FF07F /* Frameworks */,
				1368FD152D596C70001FF07F /* Resources */,
			);
			buildRules = (
			);
			dependencies = (
			);
			fileSystemSynchronizedGroups = (
				1368FD192D596C70001FF07F /* place */,
			);
			name = place;
			packageProductDependencies = (
			);
			productName = place;
			productReference = 1368FD172D596C70001FF07F /* place.app */;
			productType = "com.apple.product-type.application";
		};
		1368FD2B2D596C72001FF07F /* placeTests */ = {
			isa = PBXNativeTarget;
			buildConfigurationList = 1368FD432D596C72001FF07F /* Build configuration list for PBXNativeTarget "placeTests" */;
			buildPhases = (
				1368FD282D596C72001FF07F /* Sources */,
				1368FD292D596C72001FF07F /* Frameworks */,
				1368FD2A2D596C72001FF07F /* Resources */,
			);
			buildRules = (
			);
			dependencies = (
				1368FD2E2D596C72001FF07F /* PBXTargetDependency */,
			);
			fileSystemSynchronizedGroups = (
				1368FD2F2D596C72001FF07F /* placeTests */,
			);
			name = placeTests;
			packageProductDependencies = (
			);
			productName = placeTests;
			productReference = 1368FD2C2D596C72001FF07F /* placeTests.xctest */;
			productType = "com.apple.product-type.bundle.unit-test";
		};
		1368FD352D596C72001FF07F /* placeUITests */ = {
			isa = PBXNativeTarget;
			buildConfigurationList = 1368FD462D596C72001FF07F /* Build configuration list for PBXNativeTarget "placeUITests" */;
			buildPhases = (
				1368FD322D596C72001FF07F /* Sources */,
				1368FD332D596C72001FF07F /* Frameworks */,
				1368FD342D596C72001FF07F /* Resources */,
			);
			buildRules = (
			);
			dependencies = (
				1368FD382D596C72001FF07F /* PBXTargetDependency */,
			);
			fileSystemSynchronizedGroups = (
				1368FD392D596C72001FF07F /* placeUITests */,
			);
			name = placeUITests;
			packageProductDependencies = (
			);
			productName = placeUITests;
			productReference = 1368FD362D596C72001FF07F /* placeUITests.xctest */;
			productType = "com.apple.product-type.bundle.ui-testing";
		};
/* End PBXNativeTarget section */

/* Begin PBXProject section */
		1368FD0F2D596C70001FF07F /* Project object */ = {
			isa = PBXProject;
			attributes = {
				BuildIndependentTargetsInParallel = 1;
				LastSwiftUpdateCheck = 1620;
				LastUpgradeCheck = 1620;
				TargetAttributes = {
					1368FD162D596C70001FF07F = {
						CreatedOnToolsVersion = 16.2;
					};
					1368FD2B2D596C72001FF07F = {
						CreatedOnToolsVersion = 16.2;
						TestTargetID = 1368FD162D596C70001FF07F;
					};
					1368FD352D596C72001FF07F = {
						CreatedOnToolsVersion = 16.2;
						TestTargetID = 1368FD162D596C70001FF07F;
					};
				};
			};
			buildConfigurationList = 1368FD122D596C70001FF07F /* Build configuration list for PBXProject "place" */;
			developmentRegion = en;
			hasScannedForEncodings = 0;
			knownRegions = (
				en,
				Base,
			);
			mainGroup = 1368FD0E2D596C70001FF07F;
			minimizedProjectReferenceProxies = 1;
			preferredProjectObjectVersion = 77;
			productRefGroup = 1368FD182D596C70001FF07F /* Products */;
			projectDirPath = "";
			projectRoot = "";
			targets = (
				1368FD162D596C70001FF07F /* place */,
				1368FD2B2D596C72001FF07F /* placeTests */,
				1368FD352D596C72001FF07F /* placeUITests */,
			);
		};
/* End PBXProject section */

/* Begin PBXResourcesBuildPhase section */
		1368FD152D596C70001FF07F /* Resources */ = {
			isa = PBXResourcesBuildPhase;
			buildActionMask = 2147483647;
			files = (
				1368FD4A2D596D82001FF07F /* README.md in Resources */,
			);
			runOnlyForDeploymentPostprocessing = 0;
		};
		1368FD2A2D596C72001FF07F /* Resources */ = {
			isa = PBXResourcesBuildPhase;
			buildActionMask = 2147483647;
			files = (
			);
			runOnlyForDeploymentPostprocessing = 0;
		};
		1368FD342D596C72001FF07F /* Resources */ = {
			isa = PBXResourcesBuildPhase;
			buildActionMask = 2147483647;
			files = (
			);
			runOnlyForDeploymentPostprocessing = 0;
		};
/* End PBXResourcesBuildPhase section */

/* Begin PBXSourcesBuildPhase section */
		1368FD132D596C70001FF07F /* Sources */ = {
			isa = PBXSourcesBuildPhase;
			buildActionMask = 2147483647;
			files = (
			);
			runOnlyForDeploymentPostprocessing = 0;
		};
		1368FD282D596C72001FF07F /* Sources */ = {
			isa = PBXSourcesBuildPhase;
			buildActionMask = 2147483647;
			files = (
			);
			runOnlyForDeploymentPostprocessing = 0;
		};
		1368FD322D596C72001FF07F /* Sources */ = {
			isa = PBXSourcesBuildPhase;
			buildActionMask = 2147483647;
			files = (
			);
			runOnlyForDeploymentPostprocessing = 0;
		};
/* End PBXSourcesBuildPhase section */

/* Begin PBXTargetDependency section */
		1368FD2E2D596C72001FF07F /* PBXTargetDependency */ = {
			isa = PBXTargetDependency;
			target = 1368FD162D596C70001FF07F /* place */;
			targetProxy = 1368FD2D2D596C72001FF07F /* PBXContainerItemProxy */;
		};
		1368FD382D596C72001FF07F /* PBXTargetDependency */ = {
			isa = PBXTargetDependency;
			target = 1368FD162D596C70001FF07F /* place */;
			targetProxy = 1368FD372D596C72001FF07F /* PBXContainerItemProxy */;
		};
/* End PBXTargetDependency section */

/* Begin XCBuildConfiguration section */
		1368FD3E2D596C72001FF07F /* Debug */ = {
			isa = XCBuildConfiguration;
			buildSettings = {
				ALWAYS_SEARCH_USER_PATHS = NO;
				ASSETCATALOG_COMPILER_GENERATE_SWIFT_ASSET_SYMBOL_EXTENSIONS = YES;
				CLANG_ANALYZER_NONNULL = YES;
				CLANG_ANALYZER_NUMBER_OBJECT_CONVERSION = YES_AGGRESSIVE;
				CLANG_CXX_LANGUAGE_STANDARD = "gnu++20";
				CLANG_ENABLE_MODULES = YES;
				CLANG_ENABLE_OBJC_ARC = YES;
				CLANG_ENABLE_OBJC_WEAK = YES;
				CLANG_WARN_BLOCK_CAPTURE_AUTORELEASING = YES;
				CLANG_WARN_BOOL_CONVERSION = YES;
				CLANG_WARN_COMMA = YES;
				CLANG_WARN_CONSTANT_CONVERSION = YES;
				CLANG_WARN_DEPRECATED_OBJC_IMPLEMENTATIONS = YES;
				CLANG_WARN_DIRECT_OBJC_ISA_USAGE = YES_ERROR;
				CLANG_WARN_DOCUMENTATION_COMMENTS = YES;
				CLANG_WARN_EMPTY_BODY = YES;
				CLANG_WARN_ENUM_CONVERSION = YES;
				CLANG_WARN_INFINITE_RECURSION = YES;
				CLANG_WARN_INT_CONVERSION = YES;
				CLANG_WARN_NON_LITERAL_NULL_CONVERSION = YES;
				CLANG_WARN_OBJC_IMPLICIT_RETAIN_SELF = YES;
				CLANG_WARN_OBJC_LITERAL_CONVERSION = YES;
				CLANG_WARN_OBJC_ROOT_CLASS = YES_ERROR;
				CLANG_WARN_QUOTED_INCLUDE_IN_FRAMEWORK_HEADER = YES;
				CLANG_WARN_RANGE_LOOP_ANALYSIS = YES;
				CLANG_WARN_STRICT_PROTOTYPES = YES;
				CLANG_WARN_SUSPICIOUS_MOVE = YES;
				CLANG_WARN_UNGUARDED_AVAILABILITY = YES_AGGRESSIVE;
				CLANG_WARN_UNREACHABLE_CODE = YES;
				CLANG_WARN__DUPLICATE_METHOD_MATCH = YES;
				COPY_PHASE_STRIP = NO;
				DEBUG_INFORMATION_FORMAT = dwarf;
				ENABLE_STRICT_OBJC_MSGSEND = YES;
				ENABLE_TESTABILITY = YES;
				ENABLE_USER_SCRIPT_SANDBOXING = YES;
				GCC_C_LANGUAGE_STANDARD = gnu17;
				GCC_DYNAMIC_NO_PIC = NO;
				GCC_NO_COMMON_BLOCKS = YES;
				GCC_OPTIMIZATION_LEVEL = 0;
				GCC_PREPROCESSOR_DEFINITIONS = (
					"DEBUG=1",
					"$(inherited)",
				);
				GCC_WARN_64_TO_32_BIT_CONVERSION = YES;
				GCC_WARN_ABOUT_RETURN_TYPE = YES_ERROR;
				GCC_WARN_UNDECLARED_SELECTOR = YES;
				GCC_WARN_UNINITIALIZED_AUTOS = YES_AGGRESSIVE;
				GCC_WARN_UNUSED_FUNCTION = YES;
				GCC_WARN_UNUSED_VARIABLE = YES;
				IPHONEOS_DEPLOYMENT_TARGET = 18.2;
				LOCALIZATION_PREFERS_STRING_CATALOGS = YES;
				MTL_ENABLE_DEBUG_INFO = INCLUDE_SOURCE;
				MTL_FAST_MATH = YES;
				ONLY_ACTIVE_ARCH = YES;
				SDKROOT = iphoneos;
				SWIFT_ACTIVE_COMPILATION_CONDITIONS = "DEBUG $(inherited)";
				SWIFT_OPTIMIZATION_LEVEL = "-Onone";
			};
			name = Debug;
		};
		1368FD3F2D596C72001FF07F /* Release */ = {
			isa = XCBuildConfiguration;
			buildSettings = {
				ALWAYS_SEARCH_USER_PATHS = NO;
				ASSETCATALOG_COMPILER_GENERATE_SWIFT_ASSET_SYMBOL_EXTENSIONS = YES;
				CLANG_ANALYZER_NONNULL = YES;
				CLANG_ANALYZER_NUMBER_OBJECT_CONVERSION = YES_AGGRESSIVE;
				CLANG_CXX_LANGUAGE_STANDARD = "gnu++20";
				CLANG_ENABLE_MODULES = YES;
				CLANG_ENABLE_OBJC_ARC = YES;
				CLANG_ENABLE_OBJC_WEAK = YES;
				CLANG_WARN_BLOCK_CAPTURE_AUTORELEASING = YES;
				CLANG_WARN_BOOL_CONVERSION = YES;
				CLANG_WARN_COMMA = YES;
				CLANG_WARN_CONSTANT_CONVERSION = YES;
				CLANG_WARN_DEPRECATED_OBJC_IMPLEMENTATIONS = YES;
				CLANG_WARN_DIRECT_OBJC_ISA_USAGE = YES_ERROR;
				CLANG_WARN_DOCUMENTATION_COMMENTS = YES;
				CLANG_WARN_EMPTY_BODY = YES;
				CLANG_WARN_ENUM_CONVERSION = YES;
				CLANG_WARN_INFINITE_RECURSION = YES;
				CLANG_WARN_INT_CONVERSION = YES;
				CLANG_WARN_NON_LITERAL_NULL_CONVERSION = YES;
				CLANG_WARN_OBJC_IMPLICIT_RETAIN_SELF = YES;
				CLANG_WARN_OBJC_LITERAL_CONVERSION = YES;
				CLANG_WARN_OBJC_ROOT_CLASS = YES_ERROR;
				CLANG_WARN_QUOTED_INCLUDE_IN_FRAMEWORK_HEADER = YES;
				CLANG_WARN_RANGE_LOOP_ANALYSIS = YES;
				CLANG_WARN_STRICT_PROTOTYPES = YES;
				CLANG_WARN_SUSPICIOUS_MOVE = YES;
				CLANG_WARN_UNGUARDED_AVAILABILITY = YES_AGGRESSIVE;
				CLANG_WARN_UNREACHABLE_CODE = YES;
				CLANG_WARN__DUPLICATE_METHOD_MATCH = YES;
				COPY_PHASE_STRIP = NO;
				DEBUG_INFORMATION_FORMAT = "dwarf-with-dsym";
				ENABLE_NS_ASSERTIONS = NO;
				ENABLE_STRICT_OBJC_MSGSEND = YES;
				ENABLE_USER_SCRIPT_SANDBOXING = YES;
				GCC_C_LANGUAGE_STANDARD = gnu17;
				GCC_NO_COMMON_BLOCKS = YES;
				GCC_WARN_64_TO_32_BIT_CONVERSION = YES;
				GCC_WARN_ABOUT_RETURN_TYPE = YES_ERROR;
				GCC_WARN_UNDECLARED_SELECTOR = YES;
				GCC_WARN_UNINITIALIZED_AUTOS = YES_AGGRESSIVE;
				GCC_WARN_UNUSED_FUNCTION = YES;
				GCC_WARN_UNUSED_VARIABLE = YES;
				IPHONEOS_DEPLOYMENT_TARGET = 18.2;
				LOCALIZATION_PREFERS_STRING_CATALOGS = YES;
				MTL_ENABLE_DEBUG_INFO = NO;
				MTL_FAST_MATH = YES;
				SDKROOT = iphoneos;
				SWIFT_COMPILATION_MODE = wholemodule;
				VALIDATE_PRODUCT = YES;
			};
			name = Release;
		};
		1368FD412D596C72001FF07F /* Debug */ = {
			isa = XCBuildConfiguration;
			buildSettings = {
				ASSETCATALOG_COMPILER_APPICON_NAME = AppIcon;
				ASSETCATALOG_COMPILER_GLOBAL_ACCENT_COLOR_NAME = AccentColor;
				CODE_SIGN_STYLE = Automatic;
				CURRENT_PROJECT_VERSION = 1;
				DEVELOPMENT_ASSET_PATHS = "\"place/Preview Content\"";
				DEVELOPMENT_TEAM = ADF49HZESY;
				ENABLE_PREVIEWS = YES;
				GENERATE_INFOPLIST_FILE = YES;
				INFOPLIST_FILE = place/Info.plist;
				INFOPLIST_KEY_UIApplicationSceneManifest_Generation = YES;
				INFOPLIST_KEY_UIApplicationSupportsIndirectInputEvents = YES;
				INFOPLIST_KEY_UISupportedInterfaceOrientations_iPad = "UIInterfaceOrientationPortrait UIInterfaceOrientationPortraitUpsideDown UIInterfaceOrientationLandscapeLeft UIInterfaceOrientationLandscapeRight";
				INFOPLIST_KEY_UISupportedInterfaceOrientations_iPhone = "UIInterfaceOrientationPortrait UIInterfaceOrientationLandscapeLeft UIInterfaceOrientationLandscapeRight";
				LD_RUNPATH_SEARCH_PATHS = (
					"$(inherited)",
					"@executable_path/Frameworks",
				);
				MARKETING_VERSION = 1.0;
				PRODUCT_BUNDLE_IDENTIFIER = markket.place;
				PRODUCT_NAME = "$(TARGET_NAME)";
				SWIFT_EMIT_LOC_STRINGS = YES;
				SWIFT_VERSION = 5.0;
				TARGETED_DEVICE_FAMILY = "1,2";
			};
			name = Debug;
		};
		1368FD422D596C72001FF07F /* Release */ = {
			isa = XCBuildConfiguration;
			buildSettings = {
				ASSETCATALOG_COMPILER_APPICON_NAME = AppIcon;
				ASSETCATALOG_COMPILER_GLOBAL_ACCENT_COLOR_NAME = AccentColor;
				CODE_SIGN_STYLE = Automatic;
				CURRENT_PROJECT_VERSION = 1;
				DEVELOPMENT_ASSET_PATHS = "\"place/Preview Content\"";
				DEVELOPMENT_TEAM = ADF49HZESY;
				ENABLE_PREVIEWS = YES;
				GENERATE_INFOPLIST_FILE = YES;
				INFOPLIST_FILE = place/Info.plist;
				INFOPLIST_KEY_UIApplicationSceneManifest_Generation = YES;
				INFOPLIST_KEY_UIApplicationSupportsIndirectInputEvents = YES;
				INFOPLIST_KEY_UISupportedInterfaceOrientations_iPad = "UIInterfaceOrientationPortrait UIInterfaceOrientationPortraitUpsideDown UIInterfaceOrientationLandscapeLeft UIInterfaceOrientationLandscapeRight";
				INFOPLIST_KEY_UISupportedInterfaceOrientations_iPhone = "UIInterfaceOrientationPortrait UIInterfaceOrientationLandscapeLeft UIInterfaceOrientationLandscapeRight";
				LD_RUNPATH_SEARCH_PATHS = (
					"$(inherited)",
					"@executable_path/Frameworks",
				);
				MARKETING_VERSION = 1.0;
				PRODUCT_BUNDLE_IDENTIFIER = markket.place;
				PRODUCT_NAME = "$(TARGET_NAME)";
				SWIFT_EMIT_LOC_STRINGS = YES;
				SWIFT_VERSION = 5.0;
				TARGETED_DEVICE_FAMILY = "1,2";
			};
			name = Release;
		};
		1368FD442D596C72001FF07F /* Debug */ = {
			isa = XCBuildConfiguration;
			buildSettings = {
				BUNDLE_LOADER = "$(TEST_HOST)";
				CODE_SIGN_STYLE = Automatic;
				CURRENT_PROJECT_VERSION = 1;
				DEVELOPMENT_TEAM = ADF49HZESY;
				GENERATE_INFOPLIST_FILE = YES;
				IPHONEOS_DEPLOYMENT_TARGET = 18.2;
				MARKETING_VERSION = 1.0;
				PRODUCT_BUNDLE_IDENTIFIER = markket.placeTests;
				PRODUCT_NAME = "$(TARGET_NAME)";
				SWIFT_EMIT_LOC_STRINGS = NO;
				SWIFT_VERSION = 5.0;
				TARGETED_DEVICE_FAMILY = "1,2";
				TEST_HOST = "$(BUILT_PRODUCTS_DIR)/place.app/$(BUNDLE_EXECUTABLE_FOLDER_PATH)/place";
			};
			name = Debug;
		};
		1368FD452D596C72001FF07F /* Release */ = {
			isa = XCBuildConfiguration;
			buildSettings = {
				BUNDLE_LOADER = "$(TEST_HOST)";
				CODE_SIGN_STYLE = Automatic;
				CURRENT_PROJECT_VERSION = 1;
				DEVELOPMENT_TEAM = ADF49HZESY;
				GENERATE_INFOPLIST_FILE = YES;
				IPHONEOS_DEPLOYMENT_TARGET = 18.2;
				MARKETING_VERSION = 1.0;
				PRODUCT_BUNDLE_IDENTIFIER = markket.placeTests;
				PRODUCT_NAME = "$(TARGET_NAME)";
				SWIFT_EMIT_LOC_STRINGS = NO;
				SWIFT_VERSION = 5.0;
				TARGETED_DEVICE_FAMILY = "1,2";
				TEST_HOST = "$(BUILT_PRODUCTS_DIR)/place.app/$(BUNDLE_EXECUTABLE_FOLDER_PATH)/place";
			};
			name = Release;
		};
		1368FD472D596C72001FF07F /* Debug */ = {
			isa = XCBuildConfiguration;
			buildSettings = {
				CODE_SIGN_STYLE = Automatic;
				CURRENT_PROJECT_VERSION = 1;
				DEVELOPMENT_TEAM = ADF49HZESY;
				GENERATE_INFOPLIST_FILE = YES;
				MARKETING_VERSION = 1.0;
				PRODUCT_BUNDLE_IDENTIFIER = markket.placeUITests;
				PRODUCT_NAME = "$(TARGET_NAME)";
				SWIFT_EMIT_LOC_STRINGS = NO;
				SWIFT_VERSION = 5.0;
				TARGETED_DEVICE_FAMILY = "1,2";
				TEST_TARGET_NAME = place;
			};
			name = Debug;
		};
		1368FD482D596C72001FF07F /* Release */ = {
			isa = XCBuildConfiguration;
			buildSettings = {
				CODE_SIGN_STYLE = Automatic;
				CURRENT_PROJECT_VERSION = 1;
				DEVELOPMENT_TEAM = ADF49HZESY;
				GENERATE_INFOPLIST_FILE = YES;
				MARKETING_VERSION = 1.0;
				PRODUCT_BUNDLE_IDENTIFIER = markket.placeUITests;
				PRODUCT_NAME = "$(TARGET_NAME)";
				SWIFT_EMIT_LOC_STRINGS = NO;
				SWIFT_VERSION = 5.0;
				TARGETED_DEVICE_FAMILY = "1,2";
				TEST_TARGET_NAME = place;
			};
			name = Release;
		};
/* End XCBuildConfiguration section */

/* Begin XCConfigurationList section */
		1368FD122D596C70001FF07F /* Build configuration list for PBXProject "place" */ = {
			isa = XCConfigurationList;
			buildConfigurations = (
				1368FD3E2D596C72001FF07F /* Debug */,
				1368FD3F2D596C72001FF07F /* Release */,
			);
			defaultConfigurationIsVisible = 0;
			defaultConfigurationName = Release;
		};
		1368FD402D596C72001FF07F /* Build configuration list for PBXNativeTarget "place" */ = {
			isa = XCConfigurationList;
			buildConfigurations = (
				1368FD412D596C72001FF07F /* Debug */,
				1368FD422D596C72001FF07F /* Release */,
			);
			defaultConfigurationIsVisible = 0;
			defaultConfigurationName = Release;
		};
		1368FD432D596C72001FF07F /* Build configuration list for PBXNativeTarget "placeTests" */ = {
			isa = XCConfigurationList;
			buildConfigurations = (
				1368FD442D596C72001FF07F /* Debug */,
				1368FD452D596C72001FF07F /* Release */,
			);
			defaultConfigurationIsVisible = 0;
			defaultConfigurationName = Release;
		};
		1368FD462D596C72001FF07F /* Build configuration list for PBXNativeTarget "placeUITests" */ = {
			isa = XCConfigurationList;
			buildConfigurations = (
				1368FD472D596C72001FF07F /* Debug */,
				1368FD482D596C72001FF07F /* Release */,
			);
			defaultConfigurationIsVisible = 0;
			defaultConfigurationName = Release;
		};
/* End XCConfigurationList section */
	};
	rootObject = 1368FD0F2D596C70001FF07F /* Project object */;
}
